
Microsoft Visual Studio Solution File, Format Version 12.00
# Visual Studio Version 17
VisualStudioVersion = 17.10.35013.160
MinimumVisualStudioVersion = 10.0.40219.1
Project("{8BC9CEB8-8B4A-11D0-8D11-00A0C91BC942}") = "Fibonacci-Arrays", "Fibonacci.vcxproj", "{E10EC3F6-0F0C-4BEE-8FBF-28C2B68844A3}"
EndProject
Project("{8BC9CEB8-8B4A-11D0-8D11-00A0C91BC942}") = "Fibonacci-Vectors", "..\Fibonacci - Vectors\Fibonacci - Vectors.vcxproj", "{BCCCA9CC-C3D1-4B20-AE3A-D66775C74BC4}"
EndProject
Project("{8BC9CEB8-8B4A-11D0-8D11-00A0C91BC942}") = "Fibonacci-C-Arrays", "..\Fibonacci-C-Arrays\Fibonacci-C-Arrays.vcxproj", "{C9002324-27D9-489F-9610-8BE76492B459}"
EndProject
Project("{8BC9CEB8-8B4A-11D0-8D11-00A0C91BC942}") = "Two Sum Brute Force", "..\Two Sum Brute Force\Two Sum Brute Force.vcxproj", "{D7733520-9BCC-4BE8-AFBA-450336FA75B0}"
EndProject
Project("{8BC9CEB8-8B4A-11D0-8D11-00A0C91BC942}") = "Two Sum Brute Force Optional", "..\Two Sum Brute Force Optional\Two Sum Brute Force Optional.vcxproj", "{765D4C61-BAEA-40F9-96B9-CC541601EDCD}"
EndProject
Project("{8BC9CEB8-8B4A-11D0-8D11-00A0C91BC942}") = "Two Sum Recursively", "..\Two Sum Recursively\Two Sum Recursively.vcxproj", "{1066BCDD-0C46-42B2-B086-C950C7ADC689}"
EndProject
Project("{8BC9CEB8-8B4A-11D0-8D11-00A0C91BC942}") = "Two Sum Memoization", "..\Two Sum Memoization\Two Sum Memoization.vcxproj", "{A74C0D1B-1EA8-4907-A194-81C57FA832CF}"
EndProject
Project("{8BC9CEB8-8B4A-11D0-8D11-00A0C91BC942}") = "Two Sum Tabulation", "..\Two Sum Tabulation\Two Sum Tabulation.vcxproj", "{1A2E2B24-E961-4192-9F36-6284D2ACC450}"
EndProject
Project("{8BC9CEB8-8B4A-11D0-8D11-00A0C91BC942}") = "Two Sum - 4 Solutions Comparison", "..\Two Sum - 4 Solutions Comparison\Two Sum - 4 Solutions Comparison.vcxproj", "{44975EE2-05A9-4649-8162-20DC0D0FE40B}"
EndProject
Global
	GlobalSection(SolutionConfigurationPlatforms) = preSolution
		Debug|x64 = Debug|x64
		Debug|x86 = Debug|x86
		Release|x64 = Release|x64
		Release|x86 = Release|x86
	EndGlobalSection
	GlobalSection(ProjectConfigurationPlatforms) = postSolution
		{E10EC3F6-0F0C-4BEE-8FBF-28C2B68844A3}.Debug|x64.ActiveCfg = Debug|x64
		{E10EC3F6-0F0C-4BEE-8FBF-28C2B68844A3}.Debug|x64.Build.0 = Debug|x64
		{E10EC3F6-0F0C-4BEE-8FBF-28C2B68844A3}.Debug|x86.ActiveCfg = Debug|Win32
		{E10EC3F6-0F0C-4BEE-8FBF-28C2B68844A3}.Debug|x86.Build.0 = Debug|Win32
		{E10EC3F6-0F0C-4BEE-8FBF-28C2B68844A3}.Release|x64.ActiveCfg = Release|x64
		{E10EC3F6-0F0C-4BEE-8FBF-28C2B68844A3}.Release|x64.Build.0 = Release|x64
		{E10EC3F6-0F0C-4BEE-8FBF-28C2B68844A3}.Release|x86.ActiveCfg = Release|Win32
		{E10EC3F6-0F0C-4BEE-8FBF-28C2B68844A3}.Release|x86.Build.0 = Release|Win32
		{BCCCA9CC-C3D1-4B20-AE3A-D66775C74BC4}.Debug|x64.ActiveCfg = Debug|x64
		{BCCCA9CC-C3D1-4B20-AE3A-D66775C74BC4}.Debug|x64.Build.0 = Debug|x64
		{BCCCA9CC-C3D1-4B20-AE3A-D66775C74BC4}.Debug|x86.ActiveCfg = Debug|Win32
		{BCCCA9CC-C3D1-4B20-AE3A-D66775C74BC4}.Debug|x86.Build.0 = Debug|Win32
		{BCCCA9CC-C3D1-4B20-AE3A-D66775C74BC4}.Release|x64.ActiveCfg = Release|x64
		{BCCCA9CC-C3D1-4B20-AE3A-D66775C74BC4}.Release|x64.Build.0 = Release|x64
		{BCCCA9CC-C3D1-4B20-AE3A-D66775C74BC4}.Release|x86.ActiveCfg = Release|Win32
		{BCCCA9CC-C3D1-4B20-AE3A-D66775C74BC4}.Release|x86.Build.0 = Release|Win32
		{C9002324-27D9-489F-9610-8BE76492B459}.Debug|x64.ActiveCfg = Debug|x64
		{C9002324-27D9-489F-9610-8BE76492B459}.Debug|x64.Build.0 = Debug|x64
		{C9002324-27D9-489F-9610-8BE76492B459}.Debug|x86.ActiveCfg = Debug|Win32
		{C9002324-27D9-489F-9610-8BE76492B459}.Debug|x86.Build.0 = Debug|Win32
		{C9002324-27D9-489F-9610-8BE76492B459}.Release|x64.ActiveCfg = Release|x64
		{C9002324-27D9-489F-9610-8BE76492B459}.Release|x64.Build.0 = Release|x64
		{C9002324-27D9-489F-9610-8BE76492B459}.Release|x86.ActiveCfg = Release|Win32
		{C9002324-27D9-489F-9610-8BE76492B459}.Release|x86.Build.0 = Release|Win32
		{D7733520-9BCC-4BE8-AFBA-450336FA75B0}.Debug|x64.ActiveCfg = Debug|x64
		{D7733520-9BCC-4BE8-AFBA-450336FA75B0}.Debug|x64.Build.0 = Debug|x64
		{D7733520-9BCC-4BE8-AFBA-450336FA75B0}.Debug|x86.ActiveCfg = Debug|Win32
		{D7733520-9BCC-4BE8-AFBA-450336FA75B0}.Debug|x86.Build.0 = Debug|Win32
		{D7733520-9BCC-4BE8-AFBA-450336FA75B0}.Release|x64.ActiveCfg = Release|x64
		{D7733520-9BCC-4BE8-AFBA-450336FA75B0}.Release|x64.Build.0 = Release|x64
		{D7733520-9BCC-4BE8-AFBA-450336FA75B0}.Release|x86.ActiveCfg = Release|Win32
		{D7733520-9BCC-4BE8-AFBA-450336FA75B0}.Release|x86.Build.0 = Release|Win32
		{765D4C61-BAEA-40F9-96B9-CC541601EDCD}.Debug|x64.ActiveCfg = Debug|x64
		{765D4C61-BAEA-40F9-96B9-CC541601EDCD}.Debug|x64.Build.0 = Debug|x64
		{765D4C61-BAEA-40F9-96B9-CC541601EDCD}.Debug|x86.ActiveCfg = Debug|Win32
		{765D4C61-BAEA-40F9-96B9-CC541601EDCD}.Debug|x86.Build.0 = Debug|Win32
		{765D4C61-BAEA-40F9-96B9-CC541601EDCD}.Release|x64.ActiveCfg = Release|x64
		{765D4C61-BAEA-40F9-96B9-CC541601EDCD}.Release|x64.Build.0 = Release|x64
		{765D4C61-BAEA-40F9-96B9-CC541601EDCD}.Release|x86.ActiveCfg = Release|Win32
		{765D4C61-BAEA-40F9-96B9-CC541601EDCD}.Release|x86.Build.0 = Release|Win32
		{1066BCDD-0C46-42B2-B086-C950C7ADC689}.Debug|x64.ActiveCfg = Debug|x64
		{1066BCDD-0C46-42B2-B086-C950C7ADC689}.Debug|x64.Build.0 = Debug|x64
		{1066BCDD-0C46-42B2-B086-C950C7ADC689}.Debug|x86.ActiveCfg = Debug|Win32
		{1066BCDD-0C46-42B2-B086-C950C7ADC689}.Debug|x86.Build.0 = Debug|Win32
		{1066BCDD-0C46-42B2-B086-C950C7ADC689}.Release|x64.ActiveCfg = Release|x64
		{1066BCDD-0C46-42B2-B086-C950C7ADC689}.Release|x64.Build.0 = Release|x64
		{1066BCDD-0C46-42B2-B086-C950C7ADC689}.Release|x86.ActiveCfg = Release|Win32
		{1066BCDD-0C46-42B2-B086-C950C7ADC689}.Release|x86.Build.0 = Release|Win32
		{A74C0D1B-1EA8-4907-A194-81C57FA832CF}.Debug|x64.ActiveCfg = Debug|x64
		{A74C0D1B-1EA8-4907-A194-81C57FA832CF}.Debug|x64.Build.0 = Debug|x64
		{A74C0D1B-1EA8-4907-A194-81C57FA832CF}.Debug|x86.ActiveCfg = Debug|Win32
		{A74C0D1B-1EA8-4907-A194-81C57FA832CF}.Debug|x86.Build.0 = Debug|Win32
		{A74C0D1B-1EA8-4907-A194-81C57FA832CF}.Release|x64.ActiveCfg = Release|x64
		{A74C0D1B-1EA8-4907-A194-81C57FA832CF}.Release|x64.Build.0 = Release|x64
		{A74C0D1B-1EA8-4907-A194-81C57FA832CF}.Release|x86.ActiveCfg = Release|Win32
		{A74C0D1B-1EA8-4907-A194-81C57FA832CF}.Release|x86.Build.0 = Release|Win32
		{1A2E2B24-E961-4192-9F36-6284D2ACC450}.Debug|x64.ActiveCfg = Debug|x64
		{1A2E2B24-E961-4192-9F36-6284D2ACC450}.Debug|x64.Build.0 = Debug|x64
		{1A2E2B24-E961-4192-9F36-6284D2ACC450}.Debug|x86.ActiveCfg = Debug|Win32
		{1A2E2B24-E961-4192-9F36-6284D2ACC450}.Debug|x86.Build.0 = Debug|Win32
		{1A2E2B24-E961-4192-9F36-6284D2ACC450}.Release|x64.ActiveCfg = Release|x64
		{1A2E2B24-E961-4192-9F36-6284D2ACC450}.Release|x64.Build.0 = Release|x64
		{1A2E2B24-E961-4192-9F36-6284D2ACC450}.Release|x86.ActiveCfg = Release|Win32
		{1A2E2B24-E961-4192-9F36-6284D2ACC450}.Release|x86.Build.0 = Release|Win32
		{44975EE2-05A9-4649-8162-20DC0D0FE40B}.Debug|x64.ActiveCfg = Debug|x64
		{44975EE2-05A9-4649-8162-20DC0D0FE40B}.Debug|x64.Build.0 = Debug|x64
		{44975EE2-05A9-4649-8162-20DC0D0FE40B}.Debug|x86.ActiveCfg = Debug|Win32
		{44975EE2-05A9-4649-8162-20DC0D0FE40B}.Debug|x86.Build.0 = Debug|Win32
		{44975EE2-05A9-4649-8162-20DC0D0FE40B}.Release|x64.ActiveCfg = Release|x64
		{44975EE2-05A9-4649-8162-20DC0D0FE40B}.Release|x64.Build.0 = Release|x64
		{44975EE2-05A9-4649-8162-20DC0D0FE40B}.Release|x86.ActiveCfg = Release|Win32
		{44975EE2-05A9-4649-8162-20DC0D0FE40B}.Release|x86.Build.0 = Release|Win32
	EndGlobalSection
	GlobalSection(SolutionProperties) = preSolution
		HideSolutionNode = FALSE
	EndGlobalSection
	GlobalSection(ExtensibilityGlobals) = postSolution
		SolutionGuid = {5A1F4996-B7A3-4B7D-906A-B88D50763BBD}
	EndGlobalSection
EndGlobal
